Microsoft Visual Studio Solution File, Format Version 12.00
# Visual Studio Version 17
VisualStudioVersion = 17.0.31903.59
MinimumVisualStudioVersion = 10.0.40219.1
Project("{FAE04EC0-301F-11D3-BF4B-00C04F79EFBC}") = "Marketplace.Api", "Marketplace.Api\Marketplace.Api.csproj", "{6A3D1F8B-9A8D-4C43-B2A0-9C8B6B57D8D5}"
EndProject
Global
	GlobalSection(SolutionConfigurationPlatforms) = preSolution
		Debug|Any CPU = Debug|Any CPU
		Release|Any CPU = Release|Any CPU
	EndGlobalSection
	GlobalSection(ProjectConfigurationPlatforms) = postSolution
		{6A3D1F8B-9A8D-4C43-B2A0-9C8B6B57D8D5}.Debug|Any CPU.ActiveCfg = Debug|Any CPU
		{6A3D1F8B-9A8D-4C43-B2A0-9C8B6B57D8D5}.Debug|Any CPU.Build.0 = Debug|Any CPU
		{6A3D1F8B-9A8D-4C43-B2A0-9C8B6B57D8D5}.Release|Any CPU.ActiveCfg = Release|Any CPU
		{6A3D1F8B-9A8D-4C43-B2A0-9C8B6B57D8D5}.Release|Any CPU.Build.0 = Release|Any CPU
	EndGlobalSection
EndGlobal
